
Microsoft Visual Studio Solution File, Format Version 12.00
# Visual Studio Express 2012 for Web
Project("{FAE04EC0-301F-11D3-BF4B-00C04F79EFBC}") = "SportsStore.Domain", "SportsStore.Domain\SportsStore.Domain.csproj", "{37954CEA-E860-45BF-B785-4F96877B91B2}"
EndProject
Project("{FAE04EC0-301F-11D3-BF4B-00C04F79EFBC}") = "SportsStore.WebUI", "SportsStore.WebUI\SportsStore.WebUI.csproj", "{6AEF4E41-CDC1-449B-8990-D86C513653FB}"
EndProject
Project("{FAE04EC0-301F-11D3-BF4B-00C04F79EFBC}") = "SportsStore.UnitTests", "SportsStore.UnitTests\SportsStore.UnitTests.csproj", "{412A4997-E43D-4808-8913-FD4420AD7279}"
EndProject
Global
	GlobalSection(SolutionConfigurationPlatforms) = preSolution
		Debug|Any CPU = Debug|Any CPU
		Release|Any CPU = Release|Any CPU
	EndGlobalSection
	GlobalSection(ProjectConfigurationPlatforms) = postSolution
		{37954CEA-E860-45BF-B785-4F96877B91B2}.Debug|Any CPU.ActiveCfg = Debug|Any CPU
		{37954CEA-E860-45BF-B785-4F96877B91B2}.Debug|Any CPU.Build.0 = Debug|Any CPU
		{37954CEA-E860-45BF-B785-4F96877B91B2}.Release|Any CPU.ActiveCfg = Release|Any CPU
		{37954CEA-E860-45BF-B785-4F96877B91B2}.Release|Any CPU.Build.0 = Release|Any CPU
		{6AEF4E41-CDC1-449B-8990-D86C513653FB}.Debug|Any CPU.ActiveCfg = Debug|Any CPU
		{6AEF4E41-CDC1-449B-8990-D86C513653FB}.Debug|Any CPU.Build.0 = Debug|Any CPU
		{6AEF4E41-CDC1-449B-8990-D86C513653FB}.Release|Any CPU.ActiveCfg = Release|Any CPU
		{6AEF4E41-CDC1-449B-8990-D86C513653FB}.Release|Any CPU.Build.0 = Release|Any CPU
		{412A4997-E43D-4808-8913-FD4420AD7279}.Debug|Any CPU.ActiveCfg = Debug|Any CPU
		{412A4997-E43D-4808-8913-FD4420AD7279}.Debug|Any CPU.Build.0 = Debug|Any CPU
		{412A4997-E43D-4808-8913-FD4420AD7279}.Release|Any CPU.ActiveCfg = Release|Any CPU
		{412A4997-E43D-4808-8913-FD4420AD7279}.Release|Any CPU.Build.0 = Release|Any CPU
	EndGlobalSection
	GlobalSection(SolutionProperties) = preSolution
		HideSolutionNode = FALSE
	EndGlobalSection
EndGlobal
